
Microsoft Visual Studio Solution File, Format Version 12.00
# Visual Studio Version 16
VisualStudioVersion = 16.0.30907.101
MinimumVisualStudioVersion = 10.0.40219.1
Project("{FAE04EC0-301F-11D3-BF4B-00C04F79EFBC}") = "TP01_Library", "TP01_Library\TP01_Library.csproj", "{A2C408E8-69C3-4212-9A8E-E4A66BD7A3F7}"
EndProject
Global
	GlobalSection(SolutionConfigurationPlatforms) = preSolution
		Debug|Any CPU = Debug|Any CPU
		Release|Any CPU = Release|Any CPU
	EndGlobalSection
	GlobalSection(ProjectConfigurationPlatforms) = postSolution
		{A2C408E8-69C3-4212-9A8E-E4A66BD7A3F7}.Debug|Any CPU.ActiveCfg = Debug|Any CPU
		{A2C408E8-69C3-4212-9A8E-E4A66BD7A3F7}.Debug|Any CPU.Build.0 = Debug|Any CPU
		{A2C408E8-69C3-4212-9A8E-E4A66BD7A3F7}.Release|Any CPU.ActiveCfg = Release|Any CPU
		{A2C408E8-69C3-4212-9A8E-E4A66BD7A3F7}.Release|Any CPU.Build.0 = Release|Any CPU
	EndGlobalSection
	GlobalSection(SolutionProperties) = preSolution
		HideSolutionNode = FALSE
	EndGlobalSection
	GlobalSection(ExtensibilityGlobals) = postSolution
		SolutionGuid = {05CAFFA3-598F-4962-BF6C-061815EF205B}
	EndGlobalSection
EndGlobal
